{
  "version": 4,
  "terraform_version": "1.7.0",
  "serial": 129,
  "lineage": "52718a74-e5f7-5a6a-61d9-19d7f9f5d9d0",
  "outputs": {
    "bigquery_editor_image_sp": {
      "value": "https://console.cloud.google.com/bigquery?project=aml-proj-341607\u0026ws=!1m5!1m4!6m3!1saml-proj-341607!2sgemini_demo!3simage_query_remote_function_sp",
      "type": "string"
    },
    "bigquery_editor_text_sp": {
      "value": "https://console.cloud.google.com/bigquery?project=aml-proj-341607\u0026ws=!1m5!1m4!6m3!1saml-proj-341607!2sgemini_demo!3stext_query_remote_function_sp",
      "type": "string"
    },
    "image_bucket": {
      "value": "gemini-bq-demo-images-264c1e8a",
      "type": "string"
    }
  },
  "resources": [
    {
      "mode": "data",
      "type": "archive_file",
      "name": "create_image_function_zip",
      "provider": "provider[\"registry.terraform.io/hashicorp/archive\"]",
      "instances": [
        {
          "schema_version": 0,
          "attributes": {
            "exclude_symlink_directories": null,
            "excludes": null,
            "id": "c39fa6abd0ff0c6ac633e13ea3b1b0cf7607e627",
            "output_base64sha256": "x0Wg33IVtpfuHoe7kZyK/H6q2NaR5Y9q4197sFWa8o0=",
            "output_base64sha512": "Q8HUX9U9IHvSZqNOhTPirMNg04j7qFWK3PhFQ5yj0p7HV50PyVjnYhBnxxecHomlRasMOmwIlJEgq1TIF1eqag==",
            "output_file_mode": null,
            "output_md5": "42c88727f9b318dbe8c9248635852ec1",
            "output_path": "./tmp/image_function_source.zip",
            "output_sha": "c39fa6abd0ff0c6ac633e13ea3b1b0cf7607e627",
            "output_sha256": "c745a0df7215b697ee1e87bb919c8afc7eaad8d691e58f6ae35f7bb0559af28d",
            "output_sha512": "43c1d45fd53d207bd266a34e8533e2acc360d388fba8558adcf845439ca3d29ec7579d0fc958e7621067c7179c1e89a545ab0c3a6c08949120ab54c81757aa6a",
            "output_size": 1312,
            "source": [],
            "source_content": null,
            "source_content_filename": null,
            "source_dir": "./function/image/",
            "source_file": null,
            "type": "zip"
          },
          "sensitive_attributes": []
        }
      ]
    },
    {
      "mode": "data",
      "type": "archive_file",
      "name": "create_text_function_zip",
      "provider": "provider[\"registry.terraform.io/hashicorp/archive\"]",
      "instances": [
        {
          "schema_version": 0,
          "attributes": {
            "exclude_symlink_directories": null,
            "excludes": null,
            "id": "c9ade781ce15ce5aa4d1089f5d3203641eb00114",
            "output_base64sha256": "6x4L+6FIs2LVldKnuBBfTzut6mhT98OxjVkFfV5bRZA=",
            "output_base64sha512": "0J1KLyqyaijCfqkNIiRG438v9MLQ6QtekD3Oqnfrweig2hzpyA3A6NUwaGJ25Z4WPjtYe6fZPd61mV1nUsCV3w==",
            "output_file_mode": null,
            "output_md5": "94aae9d42aefb2a35c58c28d4d07236c",
            "output_path": "./tmp/text_function_source.zip",
            "output_sha": "c9ade781ce15ce5aa4d1089f5d3203641eb00114",
            "output_sha256": "eb1e0bfba148b362d595d2a7b8105f4f3badea6853f7c3b18d59057d5e5b4590",
            "output_sha512": "d09d4a2f2ab26a28c27ea90d222446e37f2ff4c2d0e90b5e903dceaa77ebc1e8a0da1ce9c80dc0e8d530686276e59e163e3b587ba7d93ddeb5995d6752c095df",
            "output_size": 1199,
            "source": [],
            "source_content": null,
            "source_content_filename": null,
            "source_dir": "./function/text/",
            "source_file": null,
            "type": "zip"
          },
          "sensitive_attributes": []
        }
      ]
    },
    {
      "mode": "data",
      "type": "google_client_config",
      "name": "current",
      "provider": "provider[\"registry.terraform.io/hashicorp/google\"]",
      "instances": [
        {
          "schema_version": 0,
          "attributes": {
            "access_token": "ya29.a0AfB_byANK0FlP2C5tpusA7B0bD-FFrCFQQsriBfnbHFF50VwE0Oo2QeCp25hk5NV1215d5306_F2hmjnr7EK69bHeE14sGLGSvNzbwJmglVIrTMMDolcKo6acFkKEi-US5tXK0Q5Qsazk-1HTrTqhr1z8uOwdhvQ4UzdFfkj85id7XcfDTrnGFv6xLIk1Fe5-4gBtScVLxMzINtSkCNVGu6UYw6Cjp-kawYYTwwcsCOTlHMbV4zty7d407GmCpc0982Fna5QKo4XpukUIMPV4rk58HC6PbqGpEY8d547Ov8CQ7vi98g0hoYjVG6uCl2fbhmFx61pVamRzA72EihnjZglmrtfdfuP56TvFL7IOrq0cjMqOW25obQVStHf-WH1UjBsHnbKdbyV1acqqqBppuA-MKW6jUQaCgYKAYcSARISFQHGX2MiC206YbMk7xAoCn08S5M-6Q0422",
            "id": "projects/\"aml-proj-341607\"/regions/\u003cnull\u003e/zones/\u003cnull\u003e",
            "project": "aml-proj-341607",
            "region": null,
            "zone": null
          },
          "sensitive_attributes": []
        }
      ]
    },
    {
      "mode": "managed",
      "type": "google_bigquery_connection",
      "name": "function_connection",
      "provider": "provider[\"registry.terraform.io/hashicorp/google\"]",
      "instances": [
        {
          "schema_version": 0,
          "attributes": {
            "aws": [],
            "azure": [],
            "cloud_resource": [
              {
                "service_account_id": "bqcx-991748464671-0jpz@gcp-sa-bigquery-condel.iam.gserviceaccount.com"
              }
            ],
            "cloud_spanner": [],
            "cloud_sql": [],
            "connection_id": "gcf-connection",
            "description": "Connecting to the remote function that analyzes imges using Gemini",
            "friendly_name": "Gemini connection",
            "has_credential": false,
            "id": "projects/aml-proj-341607/locations/us-central1/connections/gcf-connection",
            "location": "us-central1",
            "name": "projects/991748464671/locations/us-central1/connections/gcf-connection",
            "project": "aml-proj-341607",
            "spark": [],
            "timeouts": null
          },
          "sensitive_attributes": [],
          "private": "eyJlMmJmYjczMC1lY2FhLTExZTYtOGY4OC0zNDM2M2JjN2M0YzAiOnsiY3JlYXRlIjoxMjAwMDAwMDAwMDAwLCJkZWxldGUiOjEyMDAwMDAwMDAwMDAsInVwZGF0ZSI6MTIwMDAwMDAwMDAwMH19",
          "dependencies": [
            "module.project-services.data.google_compute_default_service_account.default",
            "module.project-services.google_project_iam_member.project_service_identity_roles",
            "module.project-services.google_project_service.project_services",
            "module.project-services.google_project_service_identity.project_service_identities",
            "time_sleep.wait_after_apis"
          ]
        }
      ]
    },
    {
      "mode": "managed",
      "type": "google_bigquery_dataset",
      "name": "demo_dataset",
      "provider": "provider[\"registry.terraform.io/hashicorp/google\"]",
      "instances": [
        {
          "schema_version": 0,
          "attributes": {
            "access": [
              {
                "dataset": [],
                "domain": "",
                "group_by_email": "",
                "iam_member": "",
                "role": "OWNER",
                "routine": [],
                "special_group": "",
                "user_by_email": "admin@ryanyeminthein.altostrat.com",
                "view": []
              },
              {
                "dataset": [],
                "domain": "",
                "group_by_email": "",
                "iam_member": "",
                "role": "OWNER",
                "routine": [],
                "special_group": "projectOwners",
                "user_by_email": "",
                "view": []
              },
              {
                "dataset": [],
                "domain": "",
                "group_by_email": "",
                "iam_member": "",
                "role": "READER",
                "routine": [],
                "special_group": "projectReaders",
                "user_by_email": "",
                "view": []
              },
              {
                "dataset": [],
                "domain": "",
                "group_by_email": "",
                "iam_member": "",
                "role": "WRITER",
                "routine": [],
                "special_group": "projectWriters",
                "user_by_email": "",
                "view": []
              }
            ],
            "creation_time": 1706803033634,
            "dataset_id": "gemini_demo",
            "default_collation": "",
            "default_encryption_configuration": [],
            "default_partition_expiration_ms": 0,
            "default_table_expiration_ms": 0,
            "delete_contents_on_destroy": false,
            "description": "",
            "effective_labels": {},
            "etag": "67HsVMCoBLULo3dS7iuuow==",
            "friendly_name": "",
            "id": "projects/aml-proj-341607/datasets/gemini_demo",
            "is_case_insensitive": false,
            "labels": null,
            "last_modified_time": 1706803033634,
            "location": "us-central1",
            "max_time_travel_hours": "",
            "project": "aml-proj-341607",
            "self_link": "https://bigquery.googleapis.com/bigquery/v2/projects/aml-proj-341607/datasets/gemini_demo",
            "storage_billing_model": "",
            "terraform_labels": {},
            "timeouts": null
          },
          "sensitive_attributes": [],
          "private": "eyJlMmJmYjczMC1lY2FhLTExZTYtOGY4OC0zNDM2M2JjN2M0YzAiOnsiY3JlYXRlIjoxMjAwMDAwMDAwMDAwLCJkZWxldGUiOjEyMDAwMDAwMDAwMDAsInVwZGF0ZSI6MTIwMDAwMDAwMDAwMH19",
          "dependencies": [
            "module.project-services.data.google_compute_default_service_account.default",
            "module.project-services.google_project_iam_member.project_service_identity_roles",
            "module.project-services.google_project_service.project_services",
            "module.project-services.google_project_service_identity.project_service_identities",
            "time_sleep.wait_after_apis"
          ]
        }
      ]
    },
    {
      "mode": "managed",
      "type": "google_bigquery_routine",
      "name": "image_create_remote_function_sp",
      "provider": "provider[\"registry.terraform.io/hashicorp/google\"]",
      "instances": [
        {
          "schema_version": 0,
          "attributes": {
            "arguments": [],
            "creation_time": 1706803118877,
            "dataset_id": "gemini_demo",
            "definition_body": "# Copyright 2023 Google LLC\n\n# Licensed under the Apache License, Version 2.0 (the \"License\");\n# you may not use this file except in compliance with the License.\n# You may obtain a copy of the License at\n\n#     http://www.apache.org/licenses/LICENSE-2.0\n\n# Unless required by applicable law or agreed to in writing, software\n# distributed under the License is distributed on an \"AS IS\" BASIS,\n# WITHOUT WARRANTIES OR CONDITIONS OF ANY KIND, either express or implied.\n# See the License for the specific language governing permissions and\n# limitations under the License.\n\n-- noqa: disable=PRS\nCREATE OR REPLACE FUNCTION\n  `aml-proj-341607.gemini_demo.gemini_bq_demo_image`(gcs_uri STRING) RETURNS STRING\n  REMOTE WITH CONNECTION `aml-proj-341607.us-central1.gcf-connection`\n  OPTIONS (\n    endpoint = 'https://us-central1-aml-proj-341607.cloudfunctions.net/gemini-bq-demo-image',\n    max_batching_rows = 1\n  );\n",
            "description": "",
            "determinism_level": "",
            "id": "projects/aml-proj-341607/datasets/gemini_demo/routines/image_remote_function_sp",
            "imported_libraries": null,
            "language": "SQL",
            "last_modified_time": 1706803118877,
            "project": "aml-proj-341607",
            "return_table_type": "",
            "return_type": "",
            "routine_id": "image_remote_function_sp",
            "routine_type": "PROCEDURE",
            "spark_options": [],
            "timeouts": null
          },
          "sensitive_attributes": [],
          "private": "eyJlMmJmYjczMC1lY2FhLTExZTYtOGY4OC0zNDM2M2JjN2M0YzAiOnsiY3JlYXRlIjoxMjAwMDAwMDAwMDAwLCJkZWxldGUiOjEyMDAwMDAwMDAwMDAsInVwZGF0ZSI6MTIwMDAwMDAwMDAwMH19",
          "dependencies": [
            "data.archive_file.create_image_function_zip",
            "google_bigquery_dataset.demo_dataset",
            "google_cloudfunctions2_function.image_remote_function",
            "google_service_account.cloud_function_manage_sa",
            "google_storage_bucket.function_source",
            "google_storage_bucket_object.image_source_upload",
            "module.project-services.data.google_compute_default_service_account.default",
            "module.project-services.google_project_iam_member.project_service_identity_roles",
            "module.project-services.google_project_service.project_services",
            "module.project-services.google_project_service_identity.project_service_identities",
            "random_id.id",
            "time_sleep.wait_after_apis"
          ]
        }
      ]
    },
    {
      "mode": "managed",
      "type": "google_bigquery_routine",
      "name": "image_query_remote_function_sp",
      "provider": "provider[\"registry.terraform.io/hashicorp/google\"]",
      "instances": [
        {
          "schema_version": 0,
          "attributes": {
            "arguments": [],
            "creation_time": 1706803119815,
            "dataset_id": "gemini_demo",
            "definition_body": "# Copyright 2023 Google LLC\n\n# Licensed under the Apache License, Version 2.0 (the \"License\");\n# you may not use this file except in compliance with the License.\n# You may obtain a copy of the License at\n\n#     http://www.apache.org/licenses/LICENSE-2.0\n\n# Unless required by applicable law or agreed to in writing, software\n# distributed under the License is distributed on an \"AS IS\" BASIS,\n# WITHOUT WARRANTIES OR CONDITIONS OF ANY KIND, either express or implied.\n# See the License for the specific language governing permissions and\n# limitations under the License.\n\nSELECT\n  uri AS image_input,\n  `aml-proj-341607.gemini_demo.gemini_bq_demo_image`(uri) AS image_description\nFROM\n  `aml-proj-341607.gemini_demo.image_object_table`\n;\n",
            "description": "",
            "determinism_level": "",
            "id": "projects/aml-proj-341607/datasets/gemini_demo/routines/image_query_remote_function_sp",
            "imported_libraries": null,
            "language": "SQL",
            "last_modified_time": 1706803119815,
            "project": "aml-proj-341607",
            "return_table_type": "",
            "return_type": "",
            "routine_id": "image_query_remote_function_sp",
            "routine_type": "PROCEDURE",
            "spark_options": [],
            "timeouts": null
          },
          "sensitive_attributes": [],
          "private": "eyJlMmJmYjczMC1lY2FhLTExZTYtOGY4OC0zNDM2M2JjN2M0YzAiOnsiY3JlYXRlIjoxMjAwMDAwMDAwMDAwLCJkZWxldGUiOjEyMDAwMDAwMDAwMDAsInVwZGF0ZSI6MTIwMDAwMDAwMDAwMH19",
          "dependencies": [
            "data.archive_file.create_image_function_zip",
            "google_bigquery_connection.function_connection",
            "google_bigquery_dataset.demo_dataset",
            "google_bigquery_routine.image_create_remote_function_sp",
            "google_bigquery_table.object_table",
            "google_cloudfunctions2_function.image_remote_function",
            "google_project_iam_member.function_manage_roles",
            "google_project_iam_member.functions_invoke_roles",
            "google_service_account.cloud_function_manage_sa",
            "google_storage_bucket.demo_images",
            "google_storage_bucket.function_source",
            "google_storage_bucket_object.image_source_upload",
            "module.project-services.data.google_compute_default_service_account.default",
            "module.project-services.google_project_iam_member.project_service_identity_roles",
            "module.project-services.google_project_service.project_services",
            "module.project-services.google_project_service_identity.project_service_identities",
            "random_id.id",
            "time_sleep.wait_after_apis"
          ]
        }
      ]
    },
    {
      "mode": "managed",
      "type": "google_bigquery_routine",
      "name": "provision_text_sample_table_sp",
      "provider": "provider[\"registry.terraform.io/hashicorp/google\"]",
      "instances": [
        {
          "schema_version": 0,
          "attributes": {
            "arguments": [],
            "creation_time": 1706803034747,
            "dataset_id": "gemini_demo",
            "definition_body": "# Copyright 2023 Google LLC\n\n# Licensed under the Apache License, Version 2.0 (the \"License\");\n# you may not use this file except in compliance with the License.\n# You may obtain a copy of the License at\n\n#     http://www.apache.org/licenses/LICENSE-2.0\n\n# Unless required by applicable law or agreed to in writing, software\n# distributed under the License is distributed on an \"AS IS\" BASIS,\n# WITHOUT WARRANTIES OR CONDITIONS OF ANY KIND, either express or implied.\n# See the License for the specific language governing permissions and\n# limitations under the License.\n\nCREATE OR REPLACE TABLE\n`aml-proj-341607.gemini_demo.sample_text_prompts`\n\n(\n  landmark_name STRING,\n  text_prompt STRING,\n  image_file STRING\n)\n\nAS\n\nSELECT\n  \"Wasserturm Radebeul\" AS landmark_name,\n  \"\"\"Describe the historic landmark\n  Wasserturm Radebeul in 5 sentences or less\"\"\" AS text_prompt,\n  \"0015ff7be758af7f.jpg\" AS image_file\nUNION ALL\nSELECT\n  \"USS Texas\" AS landmark_name,\n  \"\"\"Describe the historic landmark\n   USS Texas in 5 sentences or less\"\"\" AS text_prompt,\n  \"000952662701bc5d.jpg\" AS image_file\nUNION ALL\nSELECT\n  \"Erzsebet Bridge\" AS landmark_name,\n  \"\"\"Describe the historic landmark\n  Erzsébet Bridge in 5 sentences or less\"\"\" AS text_prompt,\n  \"00454ad2434ee811.jpg\" AS image_file\nUNION ALL\nSELECT\n  \"Post Office, Meriden, Conn.\" AS landmark_name,\n  \"\"\"Describe the historic landmark\n  Post Office, Meriden, Conn. in 5 sentences or less\"\"\" AS text_prompt,\n  \"00041b7cefb3f517.jpg\" AS image_file\nUNION ALL\nSELECT\n  \"Saxtead Green Windmill\" AS landmark_name,\n  \"\"\"Describe the historic landmark\n  Saxtead Green Windmill in 5 sentences or less\"\"\" AS text_prompt,\n  \"003ef0c91fa27a19.jpg\" AS image_file\nUNION ALL\nSELECT\n  \"Double-Span Metal Pratt Truss Bridge\" AS landmark_name,\n  \"\"\"Describe the historic landmark\n  Double-Span Metal Pratt Truss Bridge in 5 sentences or less\"\"\" AS text_prompt,\n  \"0030d6b693209987.jpg\" AS image_file\nUNION ALL\nSELECT\n  \"Grand Canyon\" AS landmark_name,\n  \"\"\"Describe the historic landmark\n  Grand Canyon in 5 sentences or less\"\"\" AS text_prompt,\n  \"004f71969864e68a.jpg\" AS image_file\nUNION ALL\nSELECT\n  \"Bamburgh Castle\" AS landmark_name,\n  \"\"\"Describe the historic landmark\n  Bamburgh Castle in 5 sentences or less\"\"\" AS text_prompt,\n  \"004feb14c8606fd9.jpg\" AS image_file\nUNION ALL\nSELECT\n  \"Alcatraz Island\" AS landmark_name,\n  \"\"\"Describe the historic landmark\n  Alcatraz Island in 5 sentences or less\"\"\" AS text_prompt,\n  \"000ded10aa81024f.jpg\" AS image_file;\n",
            "description": "",
            "determinism_level": "",
            "id": "projects/aml-proj-341607/datasets/gemini_demo/routines/provision_text_sample_table_sp",
            "imported_libraries": null,
            "language": "SQL",
            "last_modified_time": 1706803034747,
            "project": "aml-proj-341607",
            "return_table_type": "",
            "return_type": "",
            "routine_id": "provision_text_sample_table_sp",
            "routine_type": "PROCEDURE",
            "spark_options": [],
            "timeouts": null
          },
          "sensitive_attributes": [],
          "private": "eyJlMmJmYjczMC1lY2FhLTExZTYtOGY4OC0zNDM2M2JjN2M0YzAiOnsiY3JlYXRlIjoxMjAwMDAwMDAwMDAwLCJkZWxldGUiOjEyMDAwMDAwMDAwMDAsInVwZGF0ZSI6MTIwMDAwMDAwMDAwMH19",
          "dependencies": [
            "google_bigquery_dataset.demo_dataset",
            "module.project-services.data.google_compute_default_service_account.default",
            "module.project-services.google_project_iam_member.project_service_identity_roles",
            "module.project-services.google_project_service.project_services",
            "module.project-services.google_project_service_identity.project_service_identities",
            "time_sleep.wait_after_apis"
          ]
        }
      ]
    },
    {
      "mode": "managed",
      "type": "google_bigquery_routine",
      "name": "text_create_remote_function_sp",
      "provider": "provider[\"registry.terraform.io/hashicorp/google\"]",
      "instances": [
        {
          "schema_version": 0,
          "attributes": {
            "arguments": [],
            "creation_time": 1706803121370,
            "dataset_id": "gemini_demo",
            "definition_body": "# Copyright 2023 Google LLC\n\n# Licensed under the Apache License, Version 2.0 (the \"License\");\n# you may not use this file except in compliance with the License.\n# You may obtain a copy of the License at\n\n#     http://www.apache.org/licenses/LICENSE-2.0\n\n# Unless required by applicable law or agreed to in writing, software\n# distributed under the License is distributed on an \"AS IS\" BASIS,\n# WITHOUT WARRANTIES OR CONDITIONS OF ANY KIND, either express or implied.\n# See the License for the specific language governing permissions and\n# limitations under the License.\n\n-- noqa: disable=PRS\nCREATE OR REPLACE FUNCTION\n  `aml-proj-341607.gemini_demo.gemini_bq_demo_text`(input_text STRING) RETURNS STRING\n  REMOTE WITH CONNECTION `aml-proj-341607.us-central1.gcf-connection`\n  OPTIONS (\n    endpoint = 'https://us-central1-aml-proj-341607.cloudfunctions.net/gemini-bq-demo-text',\n    max_batching_rows = 1\n  );\n",
            "description": "",
            "determinism_level": "",
            "id": "projects/aml-proj-341607/datasets/gemini_demo/routines/text_remote_function_sp",
            "imported_libraries": null,
            "language": "SQL",
            "last_modified_time": 1706803121370,
            "project": "aml-proj-341607",
            "return_table_type": "",
            "return_type": "",
            "routine_id": "text_remote_function_sp",
            "routine_type": "PROCEDURE",
            "spark_options": [],
            "timeouts": null
          },
          "sensitive_attributes": [],
          "private": "eyJlMmJmYjczMC1lY2FhLTExZTYtOGY4OC0zNDM2M2JjN2M0YzAiOnsiY3JlYXRlIjoxMjAwMDAwMDAwMDAwLCJkZWxldGUiOjEyMDAwMDAwMDAwMDAsInVwZGF0ZSI6MTIwMDAwMDAwMDAwMH19",
          "dependencies": [
            "data.archive_file.create_text_function_zip",
            "google_bigquery_dataset.demo_dataset",
            "google_cloudfunctions2_function.text_remote_function",
            "google_service_account.cloud_function_manage_sa",
            "google_storage_bucket.function_source",
            "google_storage_bucket_object.text_source_upload",
            "module.project-services.data.google_compute_default_service_account.default",
            "module.project-services.google_project_iam_member.project_service_identity_roles",
            "module.project-services.google_project_service.project_services",
            "module.project-services.google_project_service_identity.project_service_identities",
            "random_id.id",
            "time_sleep.wait_after_apis"
          ]
        }
      ]
    },
    {
      "mode": "managed",
      "type": "google_bigquery_routine",
      "name": "text_query_remote_function_sp",
      "provider": "provider[\"registry.terraform.io/hashicorp/google\"]",
      "instances": [
        {
          "schema_version": 0,
          "attributes": {
            "arguments": [],
            "creation_time": 1706803122214,
            "dataset_id": "gemini_demo",
            "definition_body": "# Copyright 2023 Google LLC\n\n# Licensed under the Apache License, Version 2.0 (the \"License\");\n# you may not use this file except in compliance with the License.\n# You may obtain a copy of the License at\n\n#     http://www.apache.org/licenses/LICENSE-2.0\n\n# Unless required by applicable law or agreed to in writing, software\n# distributed under the License is distributed on an \"AS IS\" BASIS,\n# WITHOUT WARRANTIES OR CONDITIONS OF ANY KIND, either express or implied.\n# See the License for the specific language governing permissions and\n# limitations under the License.\n\nSELECT\n  text_prompt AS text_input,\n  `aml-proj-341607.gemini_demo.gemini_bq_demo_text`(text_prompt)\n    AS landmark_description\nFROM\n  `aml-proj-341607.gemini_demo.sample_text_prompts`\n;\n",
            "description": "",
            "determinism_level": "",
            "id": "projects/aml-proj-341607/datasets/gemini_demo/routines/text_query_remote_function_sp",
            "imported_libraries": null,
            "language": "SQL",
            "last_modified_time": 1706803122214,
            "project": "aml-proj-341607",
            "return_table_type": "",
            "return_type": "",
            "routine_id": "text_query_remote_function_sp",
            "routine_type": "PROCEDURE",
            "spark_options": [],
            "timeouts": null
          },
          "sensitive_attributes": [],
          "private": "eyJlMmJmYjczMC1lY2FhLTExZTYtOGY4OC0zNDM2M2JjN2M0YzAiOnsiY3JlYXRlIjoxMjAwMDAwMDAwMDAwLCJkZWxldGUiOjEyMDAwMDAwMDAwMDAsInVwZGF0ZSI6MTIwMDAwMDAwMDAwMH19",
          "dependencies": [
            "data.archive_file.create_text_function_zip",
            "google_bigquery_dataset.demo_dataset",
            "google_bigquery_routine.provision_text_sample_table_sp",
            "google_bigquery_routine.text_create_remote_function_sp",
            "google_cloudfunctions2_function.text_remote_function",
            "google_service_account.cloud_function_manage_sa",
            "google_storage_bucket.function_source",
            "google_storage_bucket_object.text_source_upload",
            "module.project-services.data.google_compute_default_service_account.default",
            "module.project-services.google_project_iam_member.project_service_identity_roles",
            "module.project-services.google_project_service.project_services",
            "module.project-services.google_project_service_identity.project_service_identities",
            "random_id.id",
            "time_sleep.wait_after_apis"
          ]
        }
      ]
    },
    {
      "mode": "managed",
      "type": "google_bigquery_table",
      "name": "object_table",
      "provider": "provider[\"registry.terraform.io/hashicorp/google\"]",
      "instances": [
        {
          "schema_version": 0,
          "attributes": {
            "clustering": null,
            "creation_time": 1706803061583,
            "dataset_id": "gemini_demo",
            "deletion_protection": false,
            "description": "",
            "effective_labels": {},
            "encryption_configuration": [],
            "etag": "3No4g6/zlqCkge142F0kNA==",
            "expiration_time": 0,
            "external_data_configuration": [
              {
                "autodetect": false,
                "avro_options": [],
                "compression": "NONE",
                "connection_id": "aml-proj-341607.us-central1.gcf-connection",
                "csv_options": [],
                "file_set_spec_type": "",
                "google_sheets_options": [],
                "hive_partitioning_options": [],
                "ignore_unknown_values": false,
                "json_options": [],
                "max_bad_records": 0,
                "metadata_cache_mode": "",
                "object_metadata": "SIMPLE",
                "parquet_options": [],
                "reference_file_schema_uri": "",
                "schema": "",
                "source_format": "",
                "source_uris": [
                  "gs://gemini-bq-demo-images-264c1e8a/*"
                ]
              }
            ],
            "friendly_name": "",
            "id": "projects/aml-proj-341607/datasets/gemini_demo/tables/image_object_table",
            "labels": null,
            "last_modified_time": 1706803062185,
            "location": "us-central1",
            "materialized_view": [],
            "max_staleness": "",
            "num_bytes": 0,
            "num_long_term_bytes": 0,
            "num_rows": 0,
            "project": "aml-proj-341607",
            "range_partitioning": [],
            "require_partition_filter": false,
            "schema": "[{\"mode\":\"NULLABLE\",\"name\":\"uri\",\"type\":\"STRING\"},{\"mode\":\"NULLABLE\",\"name\":\"generation\",\"type\":\"INTEGER\"},{\"mode\":\"NULLABLE\",\"name\":\"content_type\",\"type\":\"STRING\"},{\"mode\":\"NULLABLE\",\"name\":\"size\",\"type\":\"INTEGER\"},{\"mode\":\"NULLABLE\",\"name\":\"md5_hash\",\"type\":\"STRING\"},{\"mode\":\"NULLABLE\",\"name\":\"updated\",\"type\":\"TIMESTAMP\"},{\"fields\":[{\"mode\":\"NULLABLE\",\"name\":\"name\",\"type\":\"STRING\"},{\"mode\":\"NULLABLE\",\"name\":\"value\",\"type\":\"STRING\"}],\"mode\":\"REPEATED\",\"name\":\"metadata\",\"type\":\"RECORD\"}]",
            "self_link": "https://bigquery.googleapis.com/bigquery/v2/projects/aml-proj-341607/datasets/gemini_demo/tables/image_object_table",
            "table_constraints": [],
            "table_id": "image_object_table",
            "terraform_labels": {},
            "time_partitioning": [],
            "type": "EXTERNAL",
            "view": []
          },
          "sensitive_attributes": [],
          "private": "bnVsbA==",
          "dependencies": [
            "google_bigquery_connection.function_connection",
            "google_bigquery_dataset.demo_dataset",
            "google_project_iam_member.function_manage_roles",
            "google_project_iam_member.functions_invoke_roles",
            "google_service_account.cloud_function_manage_sa",
            "google_storage_bucket.demo_images",
            "module.project-services.data.google_compute_default_service_account.default",
            "module.project-services.google_project_iam_member.project_service_identity_roles",
            "module.project-services.google_project_service.project_services",
            "module.project-services.google_project_service_identity.project_service_identities",
            "random_id.id",
            "time_sleep.wait_after_apis"
          ]
        }
      ]
    },
    {
      "mode": "managed",
      "type": "google_cloudfunctions2_function",
      "name": "image_remote_function",
      "provider": "provider[\"registry.terraform.io/hashicorp/google\"]",
      "instances": [
        {
          "schema_version": 0,
          "attributes": {
            "build_config": [
              {
                "build": "projects/991748464671/locations/us-central1/builds/885de73d-1bbb-4e58-9e32-aef3be5ff08d",
                "docker_repository": "projects/aml-proj-341607/locations/us-central1/repositories/gcf-artifacts",
                "entry_point": "run_it",
                "environment_variables": {},
                "runtime": "python311",
                "source": [
                  {
                    "repo_source": [],
                    "storage_source": [
                      {
                        "bucket": "gemini-bq-demo-264c1e8a",
                        "generation": 1706803039678865,
                        "object": "image_function_source.zip"
                      }
                    ]
                  }
                ],
                "worker_pool": ""
              }
            ],
            "description": "A Cloud Function that uses the Gemini Generative Model to analyze and describe images.",
            "effective_labels": {},
            "environment": "GEN_2",
            "event_trigger": [],
            "id": "projects/aml-proj-341607/locations/us-central1/functions/gemini-bq-demo-image",
            "kms_key_name": "",
            "labels": null,
            "location": "us-central1",
            "name": "gemini-bq-demo-image",
            "project": "aml-proj-341607",
            "service_config": [
              {
                "all_traffic_on_latest_revision": true,
                "available_cpu": "2",
                "available_memory": "512Mi",
                "environment_variables": {
                  "PROJECT_ID": "aml-proj-341607",
                  "REGION": "us-central1"
                },
                "gcf_uri": "",
                "ingress_settings": "ALLOW_ALL",
                "max_instance_count": 10,
                "max_instance_request_concurrency": 5,
                "min_instance_count": 0,
                "secret_environment_variables": [],
                "secret_volumes": [],
                "service": "projects/aml-proj-341607/locations/us-central1/services/gemini-bq-demo-image",
                "service_account_email": "gemini-demo@aml-proj-341607.iam.gserviceaccount.com",
                "timeout_seconds": 300,
                "uri": "https://gemini-bq-demo-image-kedsljcgeq-uc.a.run.app",
                "vpc_connector": "",
                "vpc_connector_egress_settings": ""
              }
            ],
            "state": "ACTIVE",
            "terraform_labels": {},
            "timeouts": null,
            "update_time": "2024-02-01T15:58:34.960115934Z",
            "url": "https://us-central1-aml-proj-341607.cloudfunctions.net/gemini-bq-demo-image"
          },
          "sensitive_attributes": [],
          "private": "eyJlMmJmYjczMC1lY2FhLTExZTYtOGY4OC0zNDM2M2JjN2M0YzAiOnsiY3JlYXRlIjozNjAwMDAwMDAwMDAwLCJkZWxldGUiOjM2MDAwMDAwMDAwMDAsInVwZGF0ZSI6MzYwMDAwMDAwMDAwMH19",
          "dependencies": [
            "data.archive_file.create_image_function_zip",
            "google_service_account.cloud_function_manage_sa",
            "google_storage_bucket.function_source",
            "google_storage_bucket_object.image_source_upload",
            "module.project-services.data.google_compute_default_service_account.default",
            "module.project-services.google_project_iam_member.project_service_identity_roles",
            "module.project-services.google_project_service.project_services",
            "module.project-services.google_project_service_identity.project_service_identities",
            "random_id.id",
            "time_sleep.wait_after_apis"
          ]
        }
      ]
    },
    {
      "mode": "managed",
      "type": "google_cloudfunctions2_function",
      "name": "text_remote_function",
      "provider": "provider[\"registry.terraform.io/hashicorp/google\"]",
      "instances": [
        {
          "schema_version": 0,
          "attributes": {
            "build_config": [
              {
                "build": "projects/991748464671/locations/us-central1/builds/b5ee225d-e71b-4f69-aae5-9f75c3fa7828",
                "docker_repository": "projects/aml-proj-341607/locations/us-central1/repositories/gcf-artifacts",
                "entry_point": "run_it",
                "environment_variables": {},
                "runtime": "python311",
                "source": [
                  {
                    "repo_source": [],
                    "storage_source": [
                      {
                        "bucket": "gemini-bq-demo-264c1e8a",
                        "generation": 1706803039191348,
                        "object": "text_function_source.zip"
                      }
                    ]
                  }
                ],
                "worker_pool": ""
              }
            ],
            "description": "A Cloud Function that uses the Gemini Generative Model to analyze and generate text.",
            "effective_labels": {},
            "environment": "GEN_2",
            "event_trigger": [],
            "id": "projects/aml-proj-341607/locations/us-central1/functions/gemini-bq-demo-text",
            "kms_key_name": "",
            "labels": null,
            "location": "us-central1",
            "name": "gemini-bq-demo-text",
            "project": "aml-proj-341607",
            "service_config": [
              {
                "all_traffic_on_latest_revision": true,
                "available_cpu": "2",
                "available_memory": "512Mi",
                "environment_variables": {
                  "PROJECT_ID": "aml-proj-341607",
                  "REGION": "us-central1"
                },
                "gcf_uri": "",
                "ingress_settings": "ALLOW_ALL",
                "max_instance_count": 10,
                "max_instance_request_concurrency": 5,
                "min_instance_count": 0,
                "secret_environment_variables": [],
                "secret_volumes": [],
                "service": "projects/aml-proj-341607/locations/us-central1/services/gemini-bq-demo-text",
                "service_account_email": "gemini-demo@aml-proj-341607.iam.gserviceaccount.com",
                "timeout_seconds": 300,
                "uri": "https://gemini-bq-demo-text-kedsljcgeq-uc.a.run.app",
                "vpc_connector": "",
                "vpc_connector_egress_settings": ""
              }
            ],
            "state": "ACTIVE",
            "terraform_labels": {},
            "timeouts": null,
            "update_time": "2024-02-01T15:58:28.619277750Z",
            "url": "https://us-central1-aml-proj-341607.cloudfunctions.net/gemini-bq-demo-text"
          },
          "sensitive_attributes": [],
          "private": "eyJlMmJmYjczMC1lY2FhLTExZTYtOGY4OC0zNDM2M2JjN2M0YzAiOnsiY3JlYXRlIjozNjAwMDAwMDAwMDAwLCJkZWxldGUiOjM2MDAwMDAwMDAwMDAsInVwZGF0ZSI6MzYwMDAwMDAwMDAwMH19",
          "dependencies": [
            "data.archive_file.create_text_function_zip",
            "google_service_account.cloud_function_manage_sa",
            "google_storage_bucket.function_source",
            "google_storage_bucket_object.text_source_upload",
            "module.project-services.data.google_compute_default_service_account.default",
            "module.project-services.google_project_iam_member.project_service_identity_roles",
            "module.project-services.google_project_service.project_services",
            "module.project-services.google_project_service_identity.project_service_identities",
            "random_id.id",
            "time_sleep.wait_after_apis"
          ]
        }
      ]
    },
    {
      "mode": "managed",
      "type": "google_project_iam_member",
      "name": "function_manage_roles",
      "provider": "provider[\"registry.terraform.io/hashicorp/google\"]",
      "instances": [
        {
          "index_key": 0,
          "schema_version": 0,
          "attributes": {
            "condition": [],
            "etag": "BwYQVAz4sYI=",
            "id": "aml-proj-341607/roles/cloudfunctions.admin/serviceAccount:gemini-demo@aml-proj-341607.iam.gserviceaccount.com",
            "member": "serviceAccount:gemini-demo@aml-proj-341607.iam.gserviceaccount.com",
            "project": "aml-proj-341607",
            "role": "roles/cloudfunctions.admin"
          },
          "sensitive_attributes": [],
          "private": "bnVsbA==",
          "dependencies": [
            "google_service_account.cloud_function_manage_sa",
            "module.project-services.data.google_compute_default_service_account.default",
            "module.project-services.google_project_iam_member.project_service_identity_roles",
            "module.project-services.google_project_service.project_services",
            "module.project-services.google_project_service_identity.project_service_identities",
            "time_sleep.wait_after_apis"
          ]
        },
        {
          "index_key": 1,
          "schema_version": 0,
          "attributes": {
            "condition": [],
            "etag": "BwYQVAz4sYI=",
            "id": "aml-proj-341607/roles/run.invoker/serviceAccount:gemini-demo@aml-proj-341607.iam.gserviceaccount.com",
            "member": "serviceAccount:gemini-demo@aml-proj-341607.iam.gserviceaccount.com",
            "project": "aml-proj-341607",
            "role": "roles/run.invoker"
          },
          "sensitive_attributes": [],
          "private": "bnVsbA==",
          "dependencies": [
            "google_service_account.cloud_function_manage_sa",
            "module.project-services.data.google_compute_default_service_account.default",
            "module.project-services.google_project_iam_member.project_service_identity_roles",
            "module.project-services.google_project_service.project_services",
            "module.project-services.google_project_service_identity.project_service_identities",
            "time_sleep.wait_after_apis"
          ]
        },
        {
          "index_key": 2,
          "schema_version": 0,
          "attributes": {
            "condition": [],
            "etag": "BwYQVAz4sYI=",
            "id": "aml-proj-341607/roles/storage.objectAdmin/serviceAccount:gemini-demo@aml-proj-341607.iam.gserviceaccount.com",
            "member": "serviceAccount:gemini-demo@aml-proj-341607.iam.gserviceaccount.com",
            "project": "aml-proj-341607",
            "role": "roles/storage.objectAdmin"
          },
          "sensitive_attributes": [],
          "private": "bnVsbA==",
          "dependencies": [
            "google_service_account.cloud_function_manage_sa",
            "module.project-services.data.google_compute_default_service_account.default",
            "module.project-services.google_project_iam_member.project_service_identity_roles",
            "module.project-services.google_project_service.project_services",
            "module.project-services.google_project_service_identity.project_service_identities",
            "time_sleep.wait_after_apis"
          ]
        },
        {
          "index_key": 3,
          "schema_version": 0,
          "attributes": {
            "condition": [],
            "etag": "BwYQVAz4sYI=",
            "id": "aml-proj-341607/roles/bigquery.admin/serviceAccount:gemini-demo@aml-proj-341607.iam.gserviceaccount.com",
            "member": "serviceAccount:gemini-demo@aml-proj-341607.iam.gserviceaccount.com",
            "project": "aml-proj-341607",
            "role": "roles/bigquery.admin"
          },
          "sensitive_attributes": [],
          "private": "bnVsbA==",
          "dependencies": [
            "google_service_account.cloud_function_manage_sa",
            "module.project-services.data.google_compute_default_service_account.default",
            "module.project-services.google_project_iam_member.project_service_identity_roles",
            "module.project-services.google_project_service.project_services",
            "module.project-services.google_project_service_identity.project_service_identities",
            "time_sleep.wait_after_apis"
          ]
        },
        {
          "index_key": 4,
          "schema_version": 0,
          "attributes": {
            "condition": [],
            "etag": "BwYQVAz4sYI=",
            "id": "aml-proj-341607/roles/aiplatform.user/serviceAccount:gemini-demo@aml-proj-341607.iam.gserviceaccount.com",
            "member": "serviceAccount:gemini-demo@aml-proj-341607.iam.gserviceaccount.com",
            "project": "aml-proj-341607",
            "role": "roles/aiplatform.user"
          },
          "sensitive_attributes": [],
          "private": "bnVsbA==",
          "dependencies": [
            "google_service_account.cloud_function_manage_sa",
            "module.project-services.data.google_compute_default_service_account.default",
            "module.project-services.google_project_iam_member.project_service_identity_roles",
            "module.project-services.google_project_service.project_services",
            "module.project-services.google_project_service_identity.project_service_identities",
            "time_sleep.wait_after_apis"
          ]
        },
        {
          "index_key": 5,
          "schema_version": 0,
          "attributes": {
            "condition": [],
            "etag": "BwYQVAz4sYI=",
            "id": "aml-proj-341607/roles/aiplatform.serviceAgent/serviceAccount:gemini-demo@aml-proj-341607.iam.gserviceaccount.com",
            "member": "serviceAccount:gemini-demo@aml-proj-341607.iam.gserviceaccount.com",
            "project": "aml-proj-341607",
            "role": "roles/aiplatform.serviceAgent"
          },
          "sensitive_attributes": [],
          "private": "bnVsbA==",
          "dependencies": [
            "google_service_account.cloud_function_manage_sa",
            "module.project-services.data.google_compute_default_service_account.default",
            "module.project-services.google_project_iam_member.project_service_identity_roles",
            "module.project-services.google_project_service.project_services",
            "module.project-services.google_project_service_identity.project_service_identities",
            "time_sleep.wait_after_apis"
          ]
        },
        {
          "index_key": 6,
          "schema_version": 0,
          "attributes": {
            "condition": [],
            "etag": "BwYQVAz4sYI=",
            "id": "aml-proj-341607/roles/iam.serviceAccountUser/serviceAccount:gemini-demo@aml-proj-341607.iam.gserviceaccount.com",
            "member": "serviceAccount:gemini-demo@aml-proj-341607.iam.gserviceaccount.com",
            "project": "aml-proj-341607",
            "role": "roles/iam.serviceAccountUser"
          },
          "sensitive_attributes": [],
          "private": "bnVsbA==",
          "dependencies": [
            "google_service_account.cloud_function_manage_sa",
            "module.project-services.data.google_compute_default_service_account.default",
            "module.project-services.google_project_iam_member.project_service_identity_roles",
            "module.project-services.google_project_service.project_services",
            "module.project-services.google_project_service_identity.project_service_identities",
            "time_sleep.wait_after_apis"
          ]
        }
      ]
    },
    {
      "mode": "managed",
      "type": "google_project_iam_member",
      "name": "functions_invoke_roles",
      "provider": "provider[\"registry.terraform.io/hashicorp/google\"]",
      "instances": [
        {
          "index_key": 0,
          "schema_version": 0,
          "attributes": {
            "condition": [],
            "etag": "BwYQVA3DnSY=",
            "id": "aml-proj-341607/roles/run.invoker/serviceAccount:bqcx-991748464671-0jpz@gcp-sa-bigquery-condel.iam.gserviceaccount.com",
            "member": "serviceAccount:bqcx-991748464671-0jpz@gcp-sa-bigquery-condel.iam.gserviceaccount.com",
            "project": "aml-proj-341607",
            "role": "roles/run.invoker"
          },
          "sensitive_attributes": [],
          "private": "bnVsbA==",
          "dependencies": [
            "google_bigquery_connection.function_connection",
            "google_project_iam_member.function_manage_roles",
            "google_service_account.cloud_function_manage_sa",
            "module.project-services.data.google_compute_default_service_account.default",
            "module.project-services.google_project_iam_member.project_service_identity_roles",
            "module.project-services.google_project_service.project_services",
            "module.project-services.google_project_service_identity.project_service_identities",
            "time_sleep.wait_after_apis"
          ]
        },
        {
          "index_key": 1,
          "schema_version": 0,
          "attributes": {
            "condition": [],
            "etag": "BwYQVA3DnSY=",
            "id": "aml-proj-341607/roles/cloudfunctions.invoker/serviceAccount:bqcx-991748464671-0jpz@gcp-sa-bigquery-condel.iam.gserviceaccount.com",
            "member": "serviceAccount:bqcx-991748464671-0jpz@gcp-sa-bigquery-condel.iam.gserviceaccount.com",
            "project": "aml-proj-341607",
            "role": "roles/cloudfunctions.invoker"
          },
          "sensitive_attributes": [],
          "private": "bnVsbA==",
          "dependencies": [
            "google_bigquery_connection.function_connection",
            "google_project_iam_member.function_manage_roles",
            "google_service_account.cloud_function_manage_sa",
            "module.project-services.data.google_compute_default_service_account.default",
            "module.project-services.google_project_iam_member.project_service_identity_roles",
            "module.project-services.google_project_service.project_services",
            "module.project-services.google_project_service_identity.project_service_identities",
            "time_sleep.wait_after_apis"
          ]
        },
        {
          "index_key": 2,
          "schema_version": 0,
          "attributes": {
            "condition": [],
            "etag": "BwYQVA3DnSY=",
            "id": "aml-proj-341607/roles/storage.objectViewer/serviceAccount:bqcx-991748464671-0jpz@gcp-sa-bigquery-condel.iam.gserviceaccount.com",
            "member": "serviceAccount:bqcx-991748464671-0jpz@gcp-sa-bigquery-condel.iam.gserviceaccount.com",
            "project": "aml-proj-341607",
            "role": "roles/storage.objectViewer"
          },
          "sensitive_attributes": [],
          "private": "bnVsbA==",
          "dependencies": [
            "google_bigquery_connection.function_connection",
            "google_project_iam_member.function_manage_roles",
            "google_service_account.cloud_function_manage_sa",
            "module.project-services.data.google_compute_default_service_account.default",
            "module.project-services.google_project_iam_member.project_service_identity_roles",
            "module.project-services.google_project_service.project_services",
            "module.project-services.google_project_service_identity.project_service_identities",
            "time_sleep.wait_after_apis"
          ]
        },
        {
          "index_key": 3,
          "schema_version": 0,
          "attributes": {
            "condition": [],
            "etag": "BwYQVA3DnSY=",
            "id": "aml-proj-341607/roles/iam.serviceAccountUser/serviceAccount:bqcx-991748464671-0jpz@gcp-sa-bigquery-condel.iam.gserviceaccount.com",
            "member": "serviceAccount:bqcx-991748464671-0jpz@gcp-sa-bigquery-condel.iam.gserviceaccount.com",
            "project": "aml-proj-341607",
            "role": "roles/iam.serviceAccountUser"
          },
          "sensitive_attributes": [],
          "private": "bnVsbA==",
          "dependencies": [
            "google_bigquery_connection.function_connection",
            "google_project_iam_member.function_manage_roles",
            "google_service_account.cloud_function_manage_sa",
            "module.project-services.data.google_compute_default_service_account.default",
            "module.project-services.google_project_iam_member.project_service_identity_roles",
            "module.project-services.google_project_service.project_services",
            "module.project-services.google_project_service_identity.project_service_identities",
            "time_sleep.wait_after_apis"
          ]
        }
      ]
    },
    {
      "mode": "managed",
      "type": "google_project_iam_member",
      "name": "workflow_service_account_roles",
      "provider": "provider[\"registry.terraform.io/hashicorp/google\"]",
      "instances": [
        {
          "index_key": 0,
          "schema_version": 0,
          "attributes": {
            "condition": [],
            "etag": "BwYQVA51xOw=",
            "id": "aml-proj-341607/roles/workflows.admin/serviceAccount:cloud-workflow-sa-264c1e8a@aml-proj-341607.iam.gserviceaccount.com",
            "member": "serviceAccount:cloud-workflow-sa-264c1e8a@aml-proj-341607.iam.gserviceaccount.com",
            "project": "aml-proj-341607",
            "role": "roles/workflows.admin"
          },
          "sensitive_attributes": [],
          "private": "bnVsbA==",
          "dependencies": [
            "google_bigquery_connection.function_connection",
            "google_project_iam_member.function_manage_roles",
            "google_project_iam_member.functions_invoke_roles",
            "google_service_account.cloud_function_manage_sa",
            "google_service_account.workflow_service_account",
            "module.project-services.data.google_compute_default_service_account.default",
            "module.project-services.google_project_iam_member.project_service_identity_roles",
            "module.project-services.google_project_service.project_services",
            "module.project-services.google_project_service_identity.project_service_identities",
            "random_id.id",
            "time_sleep.wait_after_apis"
          ]
        },
        {
          "index_key": 1,
          "schema_version": 0,
          "attributes": {
            "condition": [],
            "etag": "BwYQVA51xOw=",
            "id": "aml-proj-341607/roles/run.invoker/serviceAccount:cloud-workflow-sa-264c1e8a@aml-proj-341607.iam.gserviceaccount.com",
            "member": "serviceAccount:cloud-workflow-sa-264c1e8a@aml-proj-341607.iam.gserviceaccount.com",
            "project": "aml-proj-341607",
            "role": "roles/run.invoker"
          },
          "sensitive_attributes": [],
          "private": "bnVsbA==",
          "dependencies": [
            "google_bigquery_connection.function_connection",
            "google_project_iam_member.function_manage_roles",
            "google_project_iam_member.functions_invoke_roles",
            "google_service_account.cloud_function_manage_sa",
            "google_service_account.workflow_service_account",
            "module.project-services.data.google_compute_default_service_account.default",
            "module.project-services.google_project_iam_member.project_service_identity_roles",
            "module.project-services.google_project_service.project_services",
            "module.project-services.google_project_service_identity.project_service_identities",
            "random_id.id",
            "time_sleep.wait_after_apis"
          ]
        },
        {
          "index_key": 2,
          "schema_version": 0,
          "attributes": {
            "condition": [],
            "etag": "BwYQVA51xOw=",
            "id": "aml-proj-341607/roles/cloudfunctions.invoker/serviceAccount:cloud-workflow-sa-264c1e8a@aml-proj-341607.iam.gserviceaccount.com",
            "member": "serviceAccount:cloud-workflow-sa-264c1e8a@aml-proj-341607.iam.gserviceaccount.com",
            "project": "aml-proj-341607",
            "role": "roles/cloudfunctions.invoker"
          },
          "sensitive_attributes": [],
          "private": "bnVsbA==",
          "dependencies": [
            "google_bigquery_connection.function_connection",
            "google_project_iam_member.function_manage_roles",
            "google_project_iam_member.functions_invoke_roles",
            "google_service_account.cloud_function_manage_sa",
            "google_service_account.workflow_service_account",
            "module.project-services.data.google_compute_default_service_account.default",
            "module.project-services.google_project_iam_member.project_service_identity_roles",
            "module.project-services.google_project_service.project_services",
            "module.project-services.google_project_service_identity.project_service_identities",
            "random_id.id",
            "time_sleep.wait_after_apis"
          ]
        },
        {
          "index_key": 3,
          "schema_version": 0,
          "attributes": {
            "condition": [],
            "etag": "BwYQVA51xOw=",
            "id": "aml-proj-341607/roles/iam.serviceAccountTokenCreator/serviceAccount:cloud-workflow-sa-264c1e8a@aml-proj-341607.iam.gserviceaccount.com",
            "member": "serviceAccount:cloud-workflow-sa-264c1e8a@aml-proj-341607.iam.gserviceaccount.com",
            "project": "aml-proj-341607",
            "role": "roles/iam.serviceAccountTokenCreator"
          },
          "sensitive_attributes": [],
          "private": "bnVsbA==",
          "dependencies": [
            "google_bigquery_connection.function_connection",
            "google_project_iam_member.function_manage_roles",
            "google_project_iam_member.functions_invoke_roles",
            "google_service_account.cloud_function_manage_sa",
            "google_service_account.workflow_service_account",
            "module.project-services.data.google_compute_default_service_account.default",
            "module.project-services.google_project_iam_member.project_service_identity_roles",
            "module.project-services.google_project_service.project_services",
            "module.project-services.google_project_service_identity.project_service_identities",
            "random_id.id",
            "time_sleep.wait_after_apis"
          ]
        },
        {
          "index_key": 4,
          "schema_version": 0,
          "attributes": {
            "condition": [],
            "etag": "BwYQVA51xOw=",
            "id": "aml-proj-341607/roles/storage.objectAdmin/serviceAccount:cloud-workflow-sa-264c1e8a@aml-proj-341607.iam.gserviceaccount.com",
            "member": "serviceAccount:cloud-workflow-sa-264c1e8a@aml-proj-341607.iam.gserviceaccount.com",
            "project": "aml-proj-341607",
            "role": "roles/storage.objectAdmin"
          },
          "sensitive_attributes": [],
          "private": "bnVsbA==",
          "dependencies": [
            "google_bigquery_connection.function_connection",
            "google_project_iam_member.function_manage_roles",
            "google_project_iam_member.functions_invoke_roles",
            "google_service_account.cloud_function_manage_sa",
            "google_service_account.workflow_service_account",
            "module.project-services.data.google_compute_default_service_account.default",
            "module.project-services.google_project_iam_member.project_service_identity_roles",
            "module.project-services.google_project_service.project_services",
            "module.project-services.google_project_service_identity.project_service_identities",
            "random_id.id",
            "time_sleep.wait_after_apis"
          ]
        },
        {
          "index_key": 5,
          "schema_version": 0,
          "attributes": {
            "condition": [],
            "etag": "BwYQVA51xOw=",
            "id": "aml-proj-341607/roles/bigquery.connectionAdmin/serviceAccount:cloud-workflow-sa-264c1e8a@aml-proj-341607.iam.gserviceaccount.com",
            "member": "serviceAccount:cloud-workflow-sa-264c1e8a@aml-proj-341607.iam.gserviceaccount.com",
            "project": "aml-proj-341607",
            "role": "roles/bigquery.connectionAdmin"
          },
          "sensitive_attributes": [],
          "private": "bnVsbA==",
          "dependencies": [
            "google_bigquery_connection.function_connection",
            "google_project_iam_member.function_manage_roles",
            "google_project_iam_member.functions_invoke_roles",
            "google_service_account.cloud_function_manage_sa",
            "google_service_account.workflow_service_account",
            "module.project-services.data.google_compute_default_service_account.default",
            "module.project-services.google_project_iam_member.project_service_identity_roles",
            "module.project-services.google_project_service.project_services",
            "module.project-services.google_project_service_identity.project_service_identities",
            "random_id.id",
            "time_sleep.wait_after_apis"
          ]
        },
        {
          "index_key": 6,
          "schema_version": 0,
          "attributes": {
            "condition": [],
            "etag": "BwYQVA51xOw=",
            "id": "aml-proj-341607/roles/bigquery.jobUser/serviceAccount:cloud-workflow-sa-264c1e8a@aml-proj-341607.iam.gserviceaccount.com",
            "member": "serviceAccount:cloud-workflow-sa-264c1e8a@aml-proj-341607.iam.gserviceaccount.com",
            "project": "aml-proj-341607",
            "role": "roles/bigquery.jobUser"
          },
          "sensitive_attributes": [],
          "private": "bnVsbA==",
          "dependencies": [
            "google_bigquery_connection.function_connection",
            "google_project_iam_member.function_manage_roles",
            "google_project_iam_member.functions_invoke_roles",
            "google_service_account.cloud_function_manage_sa",
            "google_service_account.workflow_service_account",
            "module.project-services.data.google_compute_default_service_account.default",
            "module.project-services.google_project_iam_member.project_service_identity_roles",
            "module.project-services.google_project_service.project_services",
            "module.project-services.google_project_service_identity.project_service_identities",
            "random_id.id",
            "time_sleep.wait_after_apis"
          ]
        },
        {
          "index_key": 7,
          "schema_version": 0,
          "attributes": {
            "condition": [],
            "etag": "BwYQVA51xOw=",
            "id": "aml-proj-341607/roles/bigquery.dataEditor/serviceAccount:cloud-workflow-sa-264c1e8a@aml-proj-341607.iam.gserviceaccount.com",
            "member": "serviceAccount:cloud-workflow-sa-264c1e8a@aml-proj-341607.iam.gserviceaccount.com",
            "project": "aml-proj-341607",
            "role": "roles/bigquery.dataEditor"
          },
          "sensitive_attributes": [],
          "private": "bnVsbA==",
          "dependencies": [
            "google_bigquery_connection.function_connection",
            "google_project_iam_member.function_manage_roles",
            "google_project_iam_member.functions_invoke_roles",
            "google_service_account.cloud_function_manage_sa",
            "google_service_account.workflow_service_account",
            "module.project-services.data.google_compute_default_service_account.default",
            "module.project-services.google_project_iam_member.project_service_identity_roles",
            "module.project-services.google_project_service.project_services",
            "module.project-services.google_project_service_identity.project_service_identities",
            "random_id.id",
            "time_sleep.wait_after_apis"
          ]
        }
      ]
    },
    {
      "mode": "managed",
      "type": "google_service_account",
      "name": "cloud_function_manage_sa",
      "provider": "provider[\"registry.terraform.io/hashicorp/google\"]",
      "instances": [
        {
          "schema_version": 0,
          "attributes": {
            "account_id": "gemini-demo",
            "create_ignore_already_exists": null,
            "description": "",
            "disabled": false,
            "display_name": "Cloud Functions Service Account",
            "email": "gemini-demo@aml-proj-341607.iam.gserviceaccount.com",
            "id": "projects/aml-proj-341607/serviceAccounts/gemini-demo@aml-proj-341607.iam.gserviceaccount.com",
            "member": "serviceAccount:gemini-demo@aml-proj-341607.iam.gserviceaccount.com",
            "name": "projects/aml-proj-341607/serviceAccounts/gemini-demo@aml-proj-341607.iam.gserviceaccount.com",
            "project": "aml-proj-341607",
            "timeouts": null,
            "unique_id": "106794220690066683292"
          },
          "sensitive_attributes": [],
          "private": "eyJlMmJmYjczMC1lY2FhLTExZTYtOGY4OC0zNDM2M2JjN2M0YzAiOnsiY3JlYXRlIjozMDAwMDAwMDAwMDB9fQ==",
          "dependencies": [
            "module.project-services.data.google_compute_default_service_account.default",
            "module.project-services.google_project_iam_member.project_service_identity_roles",
            "module.project-services.google_project_service.project_services",
            "module.project-services.google_project_service_identity.project_service_identities",
            "time_sleep.wait_after_apis"
          ]
        }
      ]
    },
    {
      "mode": "managed",
      "type": "google_service_account",
      "name": "workflow_service_account",
      "provider": "provider[\"registry.terraform.io/hashicorp/google\"]",
      "instances": [
        {
          "schema_version": 0,
          "attributes": {
            "account_id": "cloud-workflow-sa-264c1e8a",
            "create_ignore_already_exists": null,
            "description": "",
            "disabled": false,
            "display_name": "Service Account for Cloud Workflows",
            "email": "cloud-workflow-sa-264c1e8a@aml-proj-341607.iam.gserviceaccount.com",
            "id": "projects/aml-proj-341607/serviceAccounts/cloud-workflow-sa-264c1e8a@aml-proj-341607.iam.gserviceaccount.com",
            "member": "serviceAccount:cloud-workflow-sa-264c1e8a@aml-proj-341607.iam.gserviceaccount.com",
            "name": "projects/aml-proj-341607/serviceAccounts/cloud-workflow-sa-264c1e8a@aml-proj-341607.iam.gserviceaccount.com",
            "project": "aml-proj-341607",
            "timeouts": null,
            "unique_id": "103336199645018962452"
          },
          "sensitive_attributes": [],
          "private": "eyJlMmJmYjczMC1lY2FhLTExZTYtOGY4OC0zNDM2M2JjN2M0YzAiOnsiY3JlYXRlIjozMDAwMDAwMDAwMDB9fQ==",
          "dependencies": [
            "module.project-services.data.google_compute_default_service_account.default",
            "module.project-services.google_project_iam_member.project_service_identity_roles",
            "module.project-services.google_project_service.project_services",
            "module.project-services.google_project_service_identity.project_service_identities",
            "random_id.id",
            "time_sleep.wait_after_apis"
          ]
        }
      ]
    },
    {
      "mode": "managed",
      "type": "google_storage_bucket",
      "name": "demo_images",
      "provider": "provider[\"registry.terraform.io/hashicorp/google\"]",
      "instances": [
        {
          "schema_version": 1,
          "attributes": {
            "autoclass": [],
            "cors": [],
            "custom_placement_config": [],
            "default_event_based_hold": false,
            "effective_labels": {},
            "enable_object_retention": false,
            "encryption": [],
            "force_destroy": true,
            "id": "gemini-bq-demo-images-264c1e8a",
            "labels": null,
            "lifecycle_rule": [],
            "location": "US-CENTRAL1",
            "logging": [],
            "name": "gemini-bq-demo-images-264c1e8a",
            "project": "aml-proj-341607",
            "public_access_prevention": "inherited",
            "requester_pays": false,
            "retention_policy": [],
            "rpo": null,
            "self_link": "https://www.googleapis.com/storage/v1/b/gemini-bq-demo-images-264c1e8a",
            "storage_class": "STANDARD",
            "terraform_labels": {},
            "timeouts": null,
            "uniform_bucket_level_access": true,
            "url": "gs://gemini-bq-demo-images-264c1e8a",
            "versioning": [],
            "website": []
          },
          "sensitive_attributes": [],
          "private": "eyJlMmJmYjczMC1lY2FhLTExZTYtOGY4OC0zNDM2M2JjN2M0YzAiOnsiY3JlYXRlIjo2MDAwMDAwMDAwMDAsInJlYWQiOjI0MDAwMDAwMDAwMCwidXBkYXRlIjoyNDAwMDAwMDAwMDB9LCJzY2hlbWFfdmVyc2lvbiI6IjEifQ==",
          "dependencies": [
            "module.project-services.data.google_compute_default_service_account.default",
            "module.project-services.google_project_iam_member.project_service_identity_roles",
            "module.project-services.google_project_service.project_services",
            "module.project-services.google_project_service_identity.project_service_identities",
            "random_id.id",
            "time_sleep.wait_after_apis"
          ]
        }
      ]
    },
    {
      "mode": "managed",
      "type": "google_storage_bucket",
      "name": "function_source",
      "provider": "provider[\"registry.terraform.io/hashicorp/google\"]",
      "instances": [
        {
          "schema_version": 1,
          "attributes": {
            "autoclass": [],
            "cors": [],
            "custom_placement_config": [],
            "default_event_based_hold": false,
            "effective_labels": {},
            "enable_object_retention": false,
            "encryption": [],
            "force_destroy": true,
            "id": "gemini-bq-demo-264c1e8a",
            "labels": null,
            "lifecycle_rule": [],
            "location": "US-CENTRAL1",
            "logging": [],
            "name": "gemini-bq-demo-264c1e8a",
            "project": "aml-proj-341607",
            "public_access_prevention": "inherited",
            "requester_pays": false,
            "retention_policy": [],
            "rpo": null,
            "self_link": "https://www.googleapis.com/storage/v1/b/gemini-bq-demo-264c1e8a",
            "storage_class": "STANDARD",
            "terraform_labels": {},
            "timeouts": null,
            "uniform_bucket_level_access": true,
            "url": "gs://gemini-bq-demo-264c1e8a",
            "versioning": [],
            "website": []
          },
          "sensitive_attributes": [],
          "private": "eyJlMmJmYjczMC1lY2FhLTExZTYtOGY4OC0zNDM2M2JjN2M0YzAiOnsiY3JlYXRlIjo2MDAwMDAwMDAwMDAsInJlYWQiOjI0MDAwMDAwMDAwMCwidXBkYXRlIjoyNDAwMDAwMDAwMDB9LCJzY2hlbWFfdmVyc2lvbiI6IjEifQ==",
          "dependencies": [
            "module.project-services.data.google_compute_default_service_account.default",
            "module.project-services.google_project_iam_member.project_service_identity_roles",
            "module.project-services.google_project_service.project_services",
            "module.project-services.google_project_service_identity.project_service_identities",
            "random_id.id",
            "time_sleep.wait_after_apis"
          ]
        }
      ]
    },
    {
      "mode": "managed",
      "type": "google_storage_bucket_object",
      "name": "image_source_upload",
      "provider": "provider[\"registry.terraform.io/hashicorp/google\"]",
      "instances": [
        {
          "schema_version": 0,
          "attributes": {
            "bucket": "gemini-bq-demo-264c1e8a",
            "cache_control": "",
            "content": null,
            "content_disposition": "",
            "content_encoding": "",
            "content_language": "",
            "content_type": "application/zip",
            "crc32c": "0vT5Rw==",
            "customer_encryption": [],
            "detect_md5hash": "QsiHJ/mzGNvoySSGNYUuwQ==",
            "event_based_hold": false,
            "id": "gemini-bq-demo-264c1e8a-image_function_source.zip",
            "kms_key_name": "",
            "md5hash": "QsiHJ/mzGNvoySSGNYUuwQ==",
            "media_link": "https://storage.googleapis.com/download/storage/v1/b/gemini-bq-demo-264c1e8a/o/image_function_source.zip?generation=1706803037220935\u0026alt=media",
            "metadata": null,
            "name": "image_function_source.zip",
            "output_name": "image_function_source.zip",
            "retention": [],
            "self_link": "https://www.googleapis.com/storage/v1/b/gemini-bq-demo-264c1e8a/o/image_function_source.zip",
            "source": "./tmp/image_function_source.zip",
            "storage_class": "STANDARD",
            "temporary_hold": false,
            "timeouts": null
          },
          "sensitive_attributes": [],
          "private": "eyJlMmJmYjczMC1lY2FhLTExZTYtOGY4OC0zNDM2M2JjN2M0YzAiOnsiY3JlYXRlIjoyNDAwMDAwMDAwMDAsImRlbGV0ZSI6MjQwMDAwMDAwMDAwLCJ1cGRhdGUiOjI0MDAwMDAwMDAwMH19",
          "dependencies": [
            "data.archive_file.create_image_function_zip",
            "google_storage_bucket.function_source",
            "module.project-services.data.google_compute_default_service_account.default",
            "module.project-services.google_project_iam_member.project_service_identity_roles",
            "module.project-services.google_project_service.project_services",
            "module.project-services.google_project_service_identity.project_service_identities",
            "random_id.id",
            "time_sleep.wait_after_apis"
          ]
        }
      ]
    },
    {
      "mode": "managed",
      "type": "google_storage_bucket_object",
      "name": "text_source_upload",
      "provider": "provider[\"registry.terraform.io/hashicorp/google\"]",
      "instances": [
        {
          "schema_version": 0,
          "attributes": {
            "bucket": "gemini-bq-demo-264c1e8a",
            "cache_control": "",
            "content": null,
            "content_disposition": "",
            "content_encoding": "",
            "content_language": "",
            "content_type": "application/zip",
            "crc32c": "VxHRlQ==",
            "customer_encryption": [],
            "detect_md5hash": "lKrp1CrvsqNcWMKNTQcjbA==",
            "event_based_hold": false,
            "id": "gemini-bq-demo-264c1e8a-text_function_source.zip",
            "kms_key_name": "",
            "md5hash": "lKrp1CrvsqNcWMKNTQcjbA==",
            "media_link": "https://storage.googleapis.com/download/storage/v1/b/gemini-bq-demo-264c1e8a/o/text_function_source.zip?generation=1706803036815357\u0026alt=media",
            "metadata": null,
            "name": "text_function_source.zip",
            "output_name": "text_function_source.zip",
            "retention": [],
            "self_link": "https://www.googleapis.com/storage/v1/b/gemini-bq-demo-264c1e8a/o/text_function_source.zip",
            "source": "./tmp/text_function_source.zip",
            "storage_class": "STANDARD",
            "temporary_hold": false,
            "timeouts": null
          },
          "sensitive_attributes": [],
          "private": "eyJlMmJmYjczMC1lY2FhLTExZTYtOGY4OC0zNDM2M2JjN2M0YzAiOnsiY3JlYXRlIjoyNDAwMDAwMDAwMDAsImRlbGV0ZSI6MjQwMDAwMDAwMDAwLCJ1cGRhdGUiOjI0MDAwMDAwMDAwMH19",
          "dependencies": [
            "data.archive_file.create_text_function_zip",
            "google_storage_bucket.function_source",
            "module.project-services.data.google_compute_default_service_account.default",
            "module.project-services.google_project_iam_member.project_service_identity_roles",
            "module.project-services.google_project_service.project_services",
            "module.project-services.google_project_service_identity.project_service_identities",
            "random_id.id",
            "time_sleep.wait_after_apis"
          ]
        }
      ]
    },
    {
      "mode": "managed",
      "type": "random_id",
      "name": "id",
      "provider": "provider[\"registry.terraform.io/hashicorp/random\"]",
      "instances": [
        {
          "schema_version": 0,
          "attributes": {
            "b64_std": "Jkweig==",
            "b64_url": "Jkweig",
            "byte_length": 4,
            "dec": "642522762",
            "hex": "264c1e8a",
            "id": "Jkweig",
            "keepers": null,
            "prefix": null
          },
          "sensitive_attributes": []
        }
      ]
    },
    {
      "mode": "managed",
      "type": "time_sleep",
      "name": "wait_after_apis",
      "provider": "provider[\"registry.terraform.io/hashicorp/time\"]",
      "instances": [
        {
          "schema_version": 0,
          "attributes": {
            "create_duration": "90s",
            "destroy_duration": null,
            "id": "2024-02-01T15:57:13Z",
            "triggers": null
          },
          "sensitive_attributes": [],
          "dependencies": [
            "module.project-services.data.google_compute_default_service_account.default",
            "module.project-services.google_project_iam_member.project_service_identity_roles",
            "module.project-services.google_project_service.project_services",
            "module.project-services.google_project_service_identity.project_service_identities"
          ]
        }
      ]
    },
    {
      "mode": "managed",
      "type": "time_sleep",
      "name": "wait_after_functions",
      "provider": "provider[\"registry.terraform.io/hashicorp/time\"]",
      "instances": [
        {
          "schema_version": 0,
          "attributes": {
            "create_duration": "10s",
            "destroy_duration": null,
            "id": "2024-02-01T15:58:51Z",
            "triggers": null
          },
          "sensitive_attributes": [],
          "dependencies": [
            "data.archive_file.create_image_function_zip",
            "data.archive_file.create_text_function_zip",
            "google_cloudfunctions2_function.image_remote_function",
            "google_cloudfunctions2_function.text_remote_function",
            "google_service_account.cloud_function_manage_sa",
            "google_storage_bucket.function_source",
            "google_storage_bucket_object.image_source_upload",
            "google_storage_bucket_object.text_source_upload",
            "module.project-services.data.google_compute_default_service_account.default",
            "module.project-services.google_project_iam_member.project_service_identity_roles",
            "module.project-services.google_project_service.project_services",
            "module.project-services.google_project_service_identity.project_service_identities",
            "random_id.id",
            "time_sleep.wait_after_apis"
          ]
        }
      ]
    },
    {
      "module": "module.project-services",
      "mode": "data",
      "type": "google_compute_default_service_account",
      "name": "default",
      "provider": "provider[\"registry.terraform.io/hashicorp/google\"]",
      "instances": []
    },
    {
      "module": "module.project-services",
      "mode": "managed",
      "type": "google_project_iam_member",
      "name": "project_service_identity_roles",
      "provider": "provider[\"registry.terraform.io/hashicorp/google\"]",
      "instances": [
        {
          "index_key": "run.googleapis.com roles/run.invoker",
          "schema_version": 0,
          "attributes": {
            "condition": [],
            "etag": "BwYQVAY4IEg=",
            "id": "aml-proj-341607/roles/run.invoker/serviceAccount:service-991748464671@serverless-robot-prod.iam.gserviceaccount.com",
            "member": "serviceAccount:service-991748464671@serverless-robot-prod.iam.gserviceaccount.com",
            "project": "aml-proj-341607",
            "role": "roles/run.invoker"
          },
          "sensitive_attributes": [],
          "private": "bnVsbA==",
          "dependencies": [
            "module.project-services.data.google_compute_default_service_account.default",
            "module.project-services.google_project_service_identity.project_service_identities"
          ]
        }
      ]
    },
    {
      "module": "module.project-services",
      "mode": "managed",
      "type": "google_project_service",
      "name": "project_services",
      "provider": "provider[\"registry.terraform.io/hashicorp/google\"]",
      "instances": [
        {
          "index_key": "aiplatform.googleapis.com",
          "schema_version": 0,
          "attributes": {
            "disable_dependent_services": true,
            "disable_on_destroy": false,
            "id": "aml-proj-341607/aiplatform.googleapis.com",
            "project": "aml-proj-341607",
            "service": "aiplatform.googleapis.com",
            "timeouts": null
          },
          "sensitive_attributes": [],
          "private": "eyJlMmJmYjczMC1lY2FhLTExZTYtOGY4OC0zNDM2M2JjN2M0YzAiOnsiY3JlYXRlIjoxMjAwMDAwMDAwMDAwLCJkZWxldGUiOjEyMDAwMDAwMDAwMDAsInJlYWQiOjYwMDAwMDAwMDAwMCwidXBkYXRlIjoxMjAwMDAwMDAwMDAwfX0="
        },
        {
          "index_key": "bigquery.googleapis.com",
          "schema_version": 0,
          "attributes": {
            "disable_dependent_services": true,
            "disable_on_destroy": false,
            "id": "aml-proj-341607/bigquery.googleapis.com",
            "project": "aml-proj-341607",
            "service": "bigquery.googleapis.com",
            "timeouts": null
          },
          "sensitive_attributes": [],
          "private": "eyJlMmJmYjczMC1lY2FhLTExZTYtOGY4OC0zNDM2M2JjN2M0YzAiOnsiY3JlYXRlIjoxMjAwMDAwMDAwMDAwLCJkZWxldGUiOjEyMDAwMDAwMDAwMDAsInJlYWQiOjYwMDAwMDAwMDAwMCwidXBkYXRlIjoxMjAwMDAwMDAwMDAwfX0="
        },
        {
          "index_key": "bigqueryconnection.googleapis.com",
          "schema_version": 0,
          "attributes": {
            "disable_dependent_services": true,
            "disable_on_destroy": false,
            "id": "aml-proj-341607/bigqueryconnection.googleapis.com",
            "project": "aml-proj-341607",
            "service": "bigqueryconnection.googleapis.com",
            "timeouts": null
          },
          "sensitive_attributes": [],
          "private": "eyJlMmJmYjczMC1lY2FhLTExZTYtOGY4OC0zNDM2M2JjN2M0YzAiOnsiY3JlYXRlIjoxMjAwMDAwMDAwMDAwLCJkZWxldGUiOjEyMDAwMDAwMDAwMDAsInJlYWQiOjYwMDAwMDAwMDAwMCwidXBkYXRlIjoxMjAwMDAwMDAwMDAwfX0="
        },
        {
          "index_key": "bigquerystorage.googleapis.com",
          "schema_version": 0,
          "attributes": {
            "disable_dependent_services": true,
            "disable_on_destroy": false,
            "id": "aml-proj-341607/bigquerystorage.googleapis.com",
            "project": "aml-proj-341607",
            "service": "bigquerystorage.googleapis.com",
            "timeouts": null
          },
          "sensitive_attributes": [],
          "private": "eyJlMmJmYjczMC1lY2FhLTExZTYtOGY4OC0zNDM2M2JjN2M0YzAiOnsiY3JlYXRlIjoxMjAwMDAwMDAwMDAwLCJkZWxldGUiOjEyMDAwMDAwMDAwMDAsInJlYWQiOjYwMDAwMDAwMDAwMCwidXBkYXRlIjoxMjAwMDAwMDAwMDAwfX0="
        },
        {
          "index_key": "cloudapis.googleapis.com",
          "schema_version": 0,
          "attributes": {
            "disable_dependent_services": true,
            "disable_on_destroy": false,
            "id": "aml-proj-341607/cloudapis.googleapis.com",
            "project": "aml-proj-341607",
            "service": "cloudapis.googleapis.com",
            "timeouts": null
          },
          "sensitive_attributes": [],
          "private": "eyJlMmJmYjczMC1lY2FhLTExZTYtOGY4OC0zNDM2M2JjN2M0YzAiOnsiY3JlYXRlIjoxMjAwMDAwMDAwMDAwLCJkZWxldGUiOjEyMDAwMDAwMDAwMDAsInJlYWQiOjYwMDAwMDAwMDAwMCwidXBkYXRlIjoxMjAwMDAwMDAwMDAwfX0="
        },
        {
          "index_key": "cloudfunctions.googleapis.com",
          "schema_version": 0,
          "attributes": {
            "disable_dependent_services": true,
            "disable_on_destroy": false,
            "id": "aml-proj-341607/cloudfunctions.googleapis.com",
            "project": "aml-proj-341607",
            "service": "cloudfunctions.googleapis.com",
            "timeouts": null
          },
          "sensitive_attributes": [],
          "private": "eyJlMmJmYjczMC1lY2FhLTExZTYtOGY4OC0zNDM2M2JjN2M0YzAiOnsiY3JlYXRlIjoxMjAwMDAwMDAwMDAwLCJkZWxldGUiOjEyMDAwMDAwMDAwMDAsInJlYWQiOjYwMDAwMDAwMDAwMCwidXBkYXRlIjoxMjAwMDAwMDAwMDAwfX0="
        },
        {
          "index_key": "config.googleapis.com",
          "schema_version": 0,
          "attributes": {
            "disable_dependent_services": true,
            "disable_on_destroy": false,
            "id": "aml-proj-341607/config.googleapis.com",
            "project": "aml-proj-341607",
            "service": "config.googleapis.com",
            "timeouts": null
          },
          "sensitive_attributes": [],
          "private": "eyJlMmJmYjczMC1lY2FhLTExZTYtOGY4OC0zNDM2M2JjN2M0YzAiOnsiY3JlYXRlIjoxMjAwMDAwMDAwMDAwLCJkZWxldGUiOjEyMDAwMDAwMDAwMDAsInJlYWQiOjYwMDAwMDAwMDAwMCwidXBkYXRlIjoxMjAwMDAwMDAwMDAwfX0="
        },
        {
          "index_key": "dataflow.googleapis.com",
          "schema_version": 0,
          "attributes": {
            "disable_dependent_services": true,
            "disable_on_destroy": false,
            "id": "aml-proj-341607/dataflow.googleapis.com",
            "project": "aml-proj-341607",
            "service": "dataflow.googleapis.com",
            "timeouts": null
          },
          "sensitive_attributes": [],
          "private": "eyJlMmJmYjczMC1lY2FhLTExZTYtOGY4OC0zNDM2M2JjN2M0YzAiOnsiY3JlYXRlIjoxMjAwMDAwMDAwMDAwLCJkZWxldGUiOjEyMDAwMDAwMDAwMDAsInJlYWQiOjYwMDAwMDAwMDAwMCwidXBkYXRlIjoxMjAwMDAwMDAwMDAwfX0="
        },
        {
          "index_key": "dataform.googleapis.com",
          "schema_version": 0,
          "attributes": {
            "disable_dependent_services": true,
            "disable_on_destroy": false,
            "id": "aml-proj-341607/dataform.googleapis.com",
            "project": "aml-proj-341607",
            "service": "dataform.googleapis.com",
            "timeouts": null
          },
          "sensitive_attributes": [],
          "private": "eyJlMmJmYjczMC1lY2FhLTExZTYtOGY4OC0zNDM2M2JjN2M0YzAiOnsiY3JlYXRlIjoxMjAwMDAwMDAwMDAwLCJkZWxldGUiOjEyMDAwMDAwMDAwMDAsInJlYWQiOjYwMDAwMDAwMDAwMCwidXBkYXRlIjoxMjAwMDAwMDAwMDAwfX0="
        },
        {
          "index_key": "logging.googleapis.com",
          "schema_version": 0,
          "attributes": {
            "disable_dependent_services": true,
            "disable_on_destroy": false,
            "id": "aml-proj-341607/logging.googleapis.com",
            "project": "aml-proj-341607",
            "service": "logging.googleapis.com",
            "timeouts": null
          },
          "sensitive_attributes": [],
          "private": "eyJlMmJmYjczMC1lY2FhLTExZTYtOGY4OC0zNDM2M2JjN2M0YzAiOnsiY3JlYXRlIjoxMjAwMDAwMDAwMDAwLCJkZWxldGUiOjEyMDAwMDAwMDAwMDAsInJlYWQiOjYwMDAwMDAwMDAwMCwidXBkYXRlIjoxMjAwMDAwMDAwMDAwfX0="
        },
        {
          "index_key": "notebooks.googleapis.com",
          "schema_version": 0,
          "attributes": {
            "disable_dependent_services": true,
            "disable_on_destroy": false,
            "id": "aml-proj-341607/notebooks.googleapis.com",
            "project": "aml-proj-341607",
            "service": "notebooks.googleapis.com",
            "timeouts": null
          },
          "sensitive_attributes": [],
          "private": "eyJlMmJmYjczMC1lY2FhLTExZTYtOGY4OC0zNDM2M2JjN2M0YzAiOnsiY3JlYXRlIjoxMjAwMDAwMDAwMDAwLCJkZWxldGUiOjEyMDAwMDAwMDAwMDAsInJlYWQiOjYwMDAwMDAwMDAwMCwidXBkYXRlIjoxMjAwMDAwMDAwMDAwfX0="
        },
        {
          "index_key": "run.googleapis.com",
          "schema_version": 0,
          "attributes": {
            "disable_dependent_services": true,
            "disable_on_destroy": false,
            "id": "aml-proj-341607/run.googleapis.com",
            "project": "aml-proj-341607",
            "service": "run.googleapis.com",
            "timeouts": null
          },
          "sensitive_attributes": [],
          "private": "eyJlMmJmYjczMC1lY2FhLTExZTYtOGY4OC0zNDM2M2JjN2M0YzAiOnsiY3JlYXRlIjoxMjAwMDAwMDAwMDAwLCJkZWxldGUiOjEyMDAwMDAwMDAwMDAsInJlYWQiOjYwMDAwMDAwMDAwMCwidXBkYXRlIjoxMjAwMDAwMDAwMDAwfX0="
        },
        {
          "index_key": "serviceusage.googleapis.com",
          "schema_version": 0,
          "attributes": {
            "disable_dependent_services": true,
            "disable_on_destroy": false,
            "id": "aml-proj-341607/serviceusage.googleapis.com",
            "project": "aml-proj-341607",
            "service": "serviceusage.googleapis.com",
            "timeouts": null
          },
          "sensitive_attributes": [],
          "private": "eyJlMmJmYjczMC1lY2FhLTExZTYtOGY4OC0zNDM2M2JjN2M0YzAiOnsiY3JlYXRlIjoxMjAwMDAwMDAwMDAwLCJkZWxldGUiOjEyMDAwMDAwMDAwMDAsInJlYWQiOjYwMDAwMDAwMDAwMCwidXBkYXRlIjoxMjAwMDAwMDAwMDAwfX0="
        },
        {
          "index_key": "storage-api.googleapis.com",
          "schema_version": 0,
          "attributes": {
            "disable_dependent_services": true,
            "disable_on_destroy": false,
            "id": "aml-proj-341607/storage-api.googleapis.com",
            "project": "aml-proj-341607",
            "service": "storage-api.googleapis.com",
            "timeouts": null
          },
          "sensitive_attributes": [],
          "private": "eyJlMmJmYjczMC1lY2FhLTExZTYtOGY4OC0zNDM2M2JjN2M0YzAiOnsiY3JlYXRlIjoxMjAwMDAwMDAwMDAwLCJkZWxldGUiOjEyMDAwMDAwMDAwMDAsInJlYWQiOjYwMDAwMDAwMDAwMCwidXBkYXRlIjoxMjAwMDAwMDAwMDAwfX0="
        },
        {
          "index_key": "storage.googleapis.com",
          "schema_version": 0,
          "attributes": {
            "disable_dependent_services": true,
            "disable_on_destroy": false,
            "id": "aml-proj-341607/storage.googleapis.com",
            "project": "aml-proj-341607",
            "service": "storage.googleapis.com",
            "timeouts": null
          },
          "sensitive_attributes": [],
          "private": "eyJlMmJmYjczMC1lY2FhLTExZTYtOGY4OC0zNDM2M2JjN2M0YzAiOnsiY3JlYXRlIjoxMjAwMDAwMDAwMDAwLCJkZWxldGUiOjEyMDAwMDAwMDAwMDAsInJlYWQiOjYwMDAwMDAwMDAwMCwidXBkYXRlIjoxMjAwMDAwMDAwMDAwfX0="
        },
        {
          "index_key": "visionai.googleapis.com",
          "schema_version": 0,
          "attributes": {
            "disable_dependent_services": true,
            "disable_on_destroy": false,
            "id": "aml-proj-341607/visionai.googleapis.com",
            "project": "aml-proj-341607",
            "service": "visionai.googleapis.com",
            "timeouts": null
          },
          "sensitive_attributes": [],
          "private": "eyJlMmJmYjczMC1lY2FhLTExZTYtOGY4OC0zNDM2M2JjN2M0YzAiOnsiY3JlYXRlIjoxMjAwMDAwMDAwMDAwLCJkZWxldGUiOjEyMDAwMDAwMDAwMDAsInJlYWQiOjYwMDAwMDAwMDAwMCwidXBkYXRlIjoxMjAwMDAwMDAwMDAwfX0="
        },
        {
          "index_key": "workflows.googleapis.com",
          "schema_version": 0,
          "attributes": {
            "disable_dependent_services": true,
            "disable_on_destroy": false,
            "id": "aml-proj-341607/workflows.googleapis.com",
            "project": "aml-proj-341607",
            "service": "workflows.googleapis.com",
            "timeouts": null
          },
          "sensitive_attributes": [],
          "private": "eyJlMmJmYjczMC1lY2FhLTExZTYtOGY4OC0zNDM2M2JjN2M0YzAiOnsiY3JlYXRlIjoxMjAwMDAwMDAwMDAwLCJkZWxldGUiOjEyMDAwMDAwMDAwMDAsInJlYWQiOjYwMDAwMDAwMDAwMCwidXBkYXRlIjoxMjAwMDAwMDAwMDAwfX0="
        }
      ]
    },
    {
      "module": "module.project-services",
      "mode": "managed",
      "type": "google_project_service_identity",
      "name": "project_service_identities",
      "provider": "provider[\"registry.terraform.io/hashicorp/google-beta\"]",
      "instances": [
        {
          "index_key": "run.googleapis.com",
          "schema_version": 0,
          "attributes": {
            "email": "service-991748464671@serverless-robot-prod.iam.gserviceaccount.com",
            "id": "projects/aml-proj-341607/services/run.googleapis.com",
            "project": "aml-proj-341607",
            "service": "run.googleapis.com",
            "timeouts": null
          },
          "sensitive_attributes": [],
          "private": "eyJlMmJmYjczMC1lY2FhLTExZTYtOGY4OC0zNDM2M2JjN2M0YzAiOnsiY3JlYXRlIjoxMjAwMDAwMDAwMDAwLCJkZWxldGUiOjEyMDAwMDAwMDAwMDAsInJlYWQiOjYwMDAwMDAwMDAwMH19"
        }
      ]
    }
  ],
  "check_results": null
}
